
Microsoft Visual Studio Solution File, Format Version 12.00
# Visual Studio 14
VisualStudioVersion = 14.0.25420.1
MinimumVisualStudioVersion = 10.0.40219.1
Project("{FAE04EC0-301F-11D3-BF4B-00C04F79EFBC}") = "DOGService", "RestAPI\DOGService\DOGService.csproj", "{E0FD6653-963C-4FDE-AE78-EADF2AC59AD1}"
EndProject
Project("{FAE04EC0-301F-11D3-BF4B-00C04F79EFBC}") = "DOGService.Tests", "RestAPI\DOGService.Tests\DOGService.Tests.csproj", "{33F3C562-AC8C-4101-AD6A-D258C4007807}"
EndProject
Project("{FAE04EC0-301F-11D3-BF4B-00C04F79EFBC}") = "AzureLib", "RestAPI\AzureLib\AzureLib.csproj", "{52DEA0FB-04C1-4261-A257-8B7DCAAB351A}"
EndProject
Project("{FAE04EC0-301F-11D3-BF4B-00C04F79EFBC}") = "AzureLib.Tests", "RestAPI\AzureLib.Tests\AzureLib.Tests.csproj", "{07771AB6-6964-4208-BB04-620F888F8B55}"
EndProject
Global
	GlobalSection(SolutionConfigurationPlatforms) = preSolution
		Debug|Any CPU = Debug|Any CPU
		Release|Any CPU = Release|Any CPU
	EndGlobalSection
	GlobalSection(ProjectConfigurationPlatforms) = postSolution
		{E0FD6653-963C-4FDE-AE78-EADF2AC59AD1}.Debug|Any CPU.ActiveCfg = Debug|Any CPU
		{E0FD6653-963C-4FDE-AE78-EADF2AC59AD1}.Debug|Any CPU.Build.0 = Debug|Any CPU
		{E0FD6653-963C-4FDE-AE78-EADF2AC59AD1}.Release|Any CPU.ActiveCfg = Release|Any CPU
		{E0FD6653-963C-4FDE-AE78-EADF2AC59AD1}.Release|Any CPU.Build.0 = Release|Any CPU
		{33F3C562-AC8C-4101-AD6A-D258C4007807}.Debug|Any CPU.ActiveCfg = Debug|Any CPU
		{33F3C562-AC8C-4101-AD6A-D258C4007807}.Debug|Any CPU.Build.0 = Debug|Any CPU
		{33F3C562-AC8C-4101-AD6A-D258C4007807}.Release|Any CPU.ActiveCfg = Release|Any CPU
		{33F3C562-AC8C-4101-AD6A-D258C4007807}.Release|Any CPU.Build.0 = Release|Any CPU
		{52DEA0FB-04C1-4261-A257-8B7DCAAB351A}.Debug|Any CPU.ActiveCfg = Debug|Any CPU
		{52DEA0FB-04C1-4261-A257-8B7DCAAB351A}.Debug|Any CPU.Build.0 = Debug|Any CPU
		{52DEA0FB-04C1-4261-A257-8B7DCAAB351A}.Release|Any CPU.ActiveCfg = Release|Any CPU
		{52DEA0FB-04C1-4261-A257-8B7DCAAB351A}.Release|Any CPU.Build.0 = Release|Any CPU
		{07771AB6-6964-4208-BB04-620F888F8B55}.Debug|Any CPU.ActiveCfg = Debug|Any CPU
		{07771AB6-6964-4208-BB04-620F888F8B55}.Debug|Any CPU.Build.0 = Debug|Any CPU
		{07771AB6-6964-4208-BB04-620F888F8B55}.Release|Any CPU.ActiveCfg = Release|Any CPU
		{07771AB6-6964-4208-BB04-620F888F8B55}.Release|Any CPU.Build.0 = Release|Any CPU
	EndGlobalSection
	GlobalSection(SolutionProperties) = preSolution
		HideSolutionNode = FALSE
	EndGlobalSection
EndGlobal
